
Microsoft Visual Studio Solution File, Format Version 12.00
# Visual Studio Version 17
VisualStudioVersion = 17.4.33213.308
MinimumVisualStudioVersion = 10.0.40219.1
Project("{FAE04EC0-301F-11D3-BF4B-00C04F79EFBC}") = "ChapterAPI", "ChapterAPI\ChapterAPI.csproj", "{37CA7183-1E7E-4055-8B31-20602802E83B}"
EndProject
Global
	GlobalSection(SolutionConfigurationPlatforms) = preSolution
		Debug|Any CPU = Debug|Any CPU
		Release|Any CPU = Release|Any CPU
	EndGlobalSection
	GlobalSection(ProjectConfigurationPlatforms) = postSolution
		{37CA7183-1E7E-4055-8B31-20602802E83B}.Debug|Any CPU.ActiveCfg = Debug|Any CPU
		{37CA7183-1E7E-4055-8B31-20602802E83B}.Debug|Any CPU.Build.0 = Debug|Any CPU
		{37CA7183-1E7E-4055-8B31-20602802E83B}.Release|Any CPU.ActiveCfg = Release|Any CPU
		{37CA7183-1E7E-4055-8B31-20602802E83B}.Release|Any CPU.Build.0 = Release|Any CPU
	EndGlobalSection
	GlobalSection(SolutionProperties) = preSolution
		HideSolutionNode = FALSE
	EndGlobalSection
	GlobalSection(ExtensibilityGlobals) = postSolution
		SolutionGuid = {CD74298E-1157-43EF-B9BC-CAB163C994B7}
	EndGlobalSection
EndGlobal
